// !$*UTF8*$!
{
	archiveVersion = 1;
	classes = {
	};
	objectVersion = 46;
	objects = {

/* Begin PBXBuildFile section */
		911820591E635D7F000A25D8 /* AppDelegate.swift in Sources */ = {isa = PBXBuildFile; fileRef = 911820581E635D7F000A25D8 /* AppDelegate.swift */; };
		9118205B1E635D7F000A25D8 /* ViewController.swift in Sources */ = {isa = PBXBuildFile; fileRef = 9118205A1E635D7F000A25D8 /* ViewController.swift */; };
		9118205E1E635D7F000A25D8 /* Main.storyboard in Resources */ = {isa = PBXBuildFile; fileRef = 9118205C1E635D7F000A25D8 /* Main.storyboard */; };
		911820601E635D7F000A25D8 /* Assets.xcassets in Resources */ = {isa = PBXBuildFile; fileRef = 9118205F1E635D7F000A25D8 /* Assets.xcassets */; };
		911820631E635D7F000A25D8 /* LaunchScreen.storyboard in Resources */ = {isa = PBXBuildFile; fileRef = 911820611E635D7F000A25D8 /* LaunchScreen.storyboard */; };
		9118206E1E635D7F000A25D8 /* DeviceFarmTestTests.swift in Sources */ = {isa = PBXBuildFile; fileRef = 9118206D1E635D7F000A25D8 /* DeviceFarmTestTests.swift */; };
		911820791E635D7F000A25D8 /* DeviceFarmTestUITests.swift in Sources */ = {isa = PBXBuildFile; fileRef = 911820781E635D7F000A25D8 /* DeviceFarmTestUITests.swift */; };
/* End PBXBuildFile section */

/* Begin PBXContainerItemProxy section */
		9118206A1E635D7F000A25D8 /* PBXContainerItemProxy */ = {
			isa = PBXContainerItemProxy;
			containerPortal = 9118204D1E635D7F000A25D8 /* Project object */;
			proxyType = 1;
			remoteGlobalIDString = 911820541E635D7F000A25D8;
			remoteInfo = DeviceFarmTest;
		};
		911820751E635D7F000A25D8 /* PBXContainerItemProxy */ = {
			isa = PBXContainerItemProxy;
			containerPortal = 9118204D1E635D7F000A25D8 /* Project object */;
			proxyType = 1;
			remoteGlobalIDString = 911820541E635D7F000A25D8;
			remoteInfo = DeviceFarmTest;
		};
/* End PBXContainerItemProxy section */

/* Begin PBXFileReference section */
		911820551E635D7F000A25D8 /* DeviceFarmTest.app */ = {isa = PBXFileReference; explicitFileType = wrapper.application; includeInIndex = 0; path = DeviceFarmTest.app; sourceTree = BUILT_PRODUCTS_DIR; };
		911820581E635D7F000A25D8 /* AppDelegate.swift */ = {isa = PBXFileReference; lastKnownFileType = sourcecode.swift; path = AppDelegate.swift; sourceTree = "<group>"; };
		9118205A1E635D7F000A25D8 /* ViewController.swift */ = {isa = PBXFileReference; lastKnownFileType = sourcecode.swift; path = ViewController.swift; sourceTree = "<group>"; };
		9118205D1E635D7F000A25D8 /* Base */ = {isa = PBXFileReference; lastKnownFileType = file.storyboard; name = Base; path = Base.lproj/Main.storyboard; sourceTree = "<group>"; };
		9118205F1E635D7F000A25D8 /* Assets.xcassets */ = {isa = PBXFileReference; lastKnownFileType = folder.assetcatalog; path = Assets.xcassets; sourceTree = "<group>"; };
		911820621E635D7F000A25D8 /* Base */ = {isa = PBXFileReference; lastKnownFileType = file.storyboard; name = Base; path = Base.lproj/LaunchScreen.storyboard; sourceTree = "<group>"; };
		911820641E635D7F000A25D8 /* Info.plist */ = {isa = PBXFileReference; lastKnownFileType = text.plist.xml; path = Info.plist; sourceTree = "<group>"; };
		911820691E635D7F000A25D8 /* DeviceFarmTestTests.xctest */ = {isa = PBXFileReference; explicitFileType = wrapper.cfbundle; includeInIndex = 0; path = DeviceFarmTestTests.xctest; sourceTree = BUILT_PRODUCTS_DIR; };
		9118206D1E635D7F000A25D8 /* DeviceFarmTestTests.swift */ = {isa = PBXFileReference; lastKnownFileType = sourcecode.swift; path = DeviceFarmTestTests.swift; sourceTree = "<group>"; };
		9118206F1E635D7F000A25D8 /* Info.plist */ = {isa = PBXFileReference; lastKnownFileType = text.plist.xml; path = Info.plist; sourceTree = "<group>"; };
		911820741E635D7F000A25D8 /* DeviceFarmTestUITests.xctest */ = {isa = PBXFileReference; explicitFileType = wrapper.cfbundle; includeInIndex = 0; path = DeviceFarmTestUITests.xctest; sourceTree = BUILT_PRODUCTS_DIR; };
		911820781E635D7F000A25D8 /* DeviceFarmTestUITests.swift */ = {isa = PBXFileReference; lastKnownFileType = sourcecode.swift; path = DeviceFarmTestUITests.swift; sourceTree = "<group>"; };
		9118207A1E635D7F000A25D8 /* Info.plist */ = {isa = PBXFileReference; lastKnownFileType = text.plist.xml; path = Info.plist; sourceTree = "<group>"; };
/* End PBXFileReference section */

/* Begin PBXFrameworksBuildPhase section */
		911820521E635D7F000A25D8 /* Frameworks */ = {
			isa = PBXFrameworksBuildPhase;
			buildActionMask = 2147483647;
			files = (
			);
			runOnlyForDeploymentPostprocessing = 0;
		};
		911820661E635D7F000A25D8 /* Frameworks */ = {
			isa = PBXFrameworksBuildPhase;
			buildActionMask = 2147483647;
			files = (
			);
			runOnlyForDeploymentPostprocessing = 0;
		};
		911820711E635D7F000A25D8 /* Frameworks */ = {
			isa = PBXFrameworksBuildPhase;
			buildActionMask = 2147483647;
			files = (
			);
			runOnlyForDeploymentPostprocessing = 0;
		};
/* End PBXFrameworksBuildPhase section */

/* Begin PBXGroup section */
		9118204C1E635D7F000A25D8 = {
			isa = PBXGroup;
			children = (
				911820571E635D7F000A25D8 /* DeviceFarmTest */,
				9118206C1E635D7F000A25D8 /* DeviceFarmTestTests */,
				911820771E635D7F000A25D8 /* DeviceFarmTestUITests */,
				911820561E635D7F000A25D8 /* Products */,
			);
			sourceTree = "<group>";
		};
		911820561E635D7F000A25D8 /* Products */ = {
			isa = PBXGroup;
			children = (
				911820551E635D7F000A25D8 /* DeviceFarmTest.app */,
				911820691E635D7F000A25D8 /* DeviceFarmTestTests.xctest */,
				911820741E635D7F000A25D8 /* DeviceFarmTestUITests.xctest */,
			);
			name = Products;
			sourceTree = "<group>";
		};
		911820571E635D7F000A25D8 /* DeviceFarmTest */ = {
			isa = PBXGroup;
			children = (
				911820581E635D7F000A25D8 /* AppDelegate.swift */,
				9118205A1E635D7F000A25D8 /* ViewController.swift */,
				9118205C1E635D7F000A25D8 /* Main.storyboard */,
				9118205F1E635D7F000A25D8 /* Assets.xcassets */,
				911820611E635D7F000A25D8 /* LaunchScreen.storyboard */,
				911820641E635D7F000A25D8 /* Info.plist */,
			);
			path = DeviceFarmTest;
			sourceTree = "<group>";
		};
		9118206C1E635D7F000A25D8 /* DeviceFarmTestTests */ = {
			isa = PBXGroup;
			children = (
				9118206D1E635D7F000A25D8 /* DeviceFarmTestTests.swift */,
				9118206F1E635D7F000A25D8 /* Info.plist */,
			);
			path = DeviceFarmTestTests;
			sourceTree = "<group>";
		};
		911820771E635D7F000A25D8 /* DeviceFarmTestUITests */ = {
			isa = PBXGroup;
			children = (
				911820781E635D7F000A25D8 /* DeviceFarmTestUITests.swift */,
				9118207A1E635D7F000A25D8 /* Info.plist */,
			);
			path = DeviceFarmTestUITests;
			sourceTree = "<group>";
		};
/* End PBXGroup section */

/* Begin PBXNativeTarget section */
		911820541E635D7F000A25D8 /* DeviceFarmTest */ = {
			isa = PBXNativeTarget;
			buildConfigurationList = 9118207D1E635D7F000A25D8 /* Build configuration list for PBXNativeTarget "DeviceFarmTest" */;
			buildPhases = (
				911820511E635D7F000A25D8 /* Sources */,
				911820521E635D7F000A25D8 /* Frameworks */,
				911820531E635D7F000A25D8 /* Resources */,
			);
			buildRules = (
			);
			dependencies = (
			);
			name = DeviceFarmTest;
			productName = DeviceFarmTest;
			productReference = 911820551E635D7F000A25D8 /* DeviceFarmTest.app */;
			productType = "com.apple.product-type.application";
		};
		911820681E635D7F000A25D8 /* DeviceFarmTestTests */ = {
			isa = PBXNativeTarget;
			buildConfigurationList = 911820801E635D7F000A25D8 /* Build configuration list for PBXNativeTarget "DeviceFarmTestTests" */;
			buildPhases = (
				911820651E635D7F000A25D8 /* Sources */,
				911820661E635D7F000A25D8 /* Frameworks */,
				911820671E635D7F000A25D8 /* Resources */,
			);
			buildRules = (
			);
			dependencies = (
				9118206B1E635D7F000A25D8 /* PBXTargetDependency */,
			);
			name = DeviceFarmTestTests;
			productName = DeviceFarmTestTests;
			productReference = 911820691E635D7F000A25D8 /* DeviceFarmTestTests.xctest */;
			productType = "com.apple.product-type.bundle.unit-test";
		};
		911820731E635D7F000A25D8 /* DeviceFarmTestUITests */ = {
			isa = PBXNativeTarget;
			buildConfigurationList = 911820831E635D7F000A25D8 /* Build configuration list for PBXNativeTarget "DeviceFarmTestUITests" */;
			buildPhases = (
				911820701E635D7F000A25D8 /* Sources */,
				911820711E635D7F000A25D8 /* Frameworks */,
				911820721E635D7F000A25D8 /* Resources */,
			);
			buildRules = (
			);
			dependencies = (
				911820761E635D7F000A25D8 /* PBXTargetDependency */,
			);
			name = DeviceFarmTestUITests;
			productName = DeviceFarmTestUITests;
			productReference = 911820741E635D7F000A25D8 /* DeviceFarmTestUITests.xctest */;
			productType = "com.apple.product-type.bundle.ui-testing";
		};
/* End PBXNativeTarget section */

/* Begin PBXProject section */
		9118204D1E635D7F000A25D8 /* Project object */ = {
			isa = PBXProject;
			attributes = {
				LastSwiftUpdateCheck = 0820;
				LastUpgradeCheck = 0820;
				ORGANIZATIONNAME = "ASM Technology Ltd.";
				TargetAttributes = {
					911820541E635D7F000A25D8 = {
						CreatedOnToolsVersion = 8.2.1;
						DevelopmentTeam = R53MV2MVHS;
						ProvisioningStyle = Manual;
					};
					911820681E635D7F000A25D8 = {
						CreatedOnToolsVersion = 8.2.1;
						ProvisioningStyle = Automatic;
						TestTargetID = 911820541E635D7F000A25D8;
					};
					911820731E635D7F000A25D8 = {
						CreatedOnToolsVersion = 8.2.1;
						ProvisioningStyle = Automatic;
						TestTargetID = 911820541E635D7F000A25D8;
					};
				};
			};
			buildConfigurationList = 911820501E635D7F000A25D8 /* Build configuration list for PBXProject "DeviceFarmTest" */;
			compatibilityVersion = "Xcode 3.2";
			developmentRegion = English;
			hasScannedForEncodings = 0;
			knownRegions = (
				en,
				Base,
			);
			mainGroup = 9118204C1E635D7F000A25D8;
			productRefGroup = 911820561E635D7F000A25D8 /* Products */;
			projectDirPath = "";
			projectRoot = "";
			targets = (
				911820541E635D7F000A25D8 /* DeviceFarmTest */,
				911820681E635D7F000A25D8 /* DeviceFarmTestTests */,
				911820731E635D7F000A25D8 /* DeviceFarmTestUITests */,
			);
		};
/* End PBXProject section */

/* Begin PBXResourcesBuildPhase section */
		911820531E635D7F000A25D8 /* Resources */ = {
			isa = PBXResourcesBuildPhase;
			buildActionMask = 2147483647;
			files = (
				911820631E635D7F000A25D8 /* LaunchScreen.storyboard in Resources */,
				911820601E635D7F000A25D8 /* Assets.xcassets in Resources */,
				9118205E1E635D7F000A25D8 /* Main.storyboard in Resources */,
			);
			runOnlyForDeploymentPostprocessing = 0;
		};
		911820671E635D7F000A25D8 /* Resources */ = {
			isa = PBXResourcesBuildPhase;
			buildActionMask = 2147483647;
			files = (
			);
			runOnlyForDeploymentPostprocessing = 0;
		};
		911820721E635D7F000A25D8 /* Resources */ = {
			isa = PBXResourcesBuildPhase;
			buildActionMask = 2147483647;
			files = (
			);
			runOnlyForDeploymentPostprocessing = 0;
		};
/* End PBXResourcesBuildPhase section */

/* Begin PBXSourcesBuildPhase section */
		911820511E635D7F000A25D8 /* Sources */ = {
			isa = PBXSourcesBuildPhase;
			buildActionMask = 2147483647;
			files = (
				9118205B1E635D7F000A25D8 /* ViewController.swift in Sources */,
				911820591E635D7F000A25D8 /* AppDelegate.swift in Sources */,
			);
			runOnlyForDeploymentPostprocessing = 0;
		};
		911820651E635D7F000A25D8 /* Sources */ = {
			isa = PBXSourcesBuildPhase;
			buildActionMask = 2147483647;
			files = (
				9118206E1E635D7F000A25D8 /* DeviceFarmTestTests.swift in Sources */,
			);
			runOnlyForDeploymentPostprocessing = 0;
		};
		911820701E635D7F000A25D8 /* Sources */ = {
			isa = PBXSourcesBuildPhase;
			buildActionMask = 2147483647;
			files = (
				911820791E635D7F000A25D8 /* DeviceFarmTestUITests.swift in Sources */,
			);
			runOnlyForDeploymentPostprocessing = 0;
		};
/* End PBXSourcesBuildPhase section */

/* Begin PBXTargetDependency section */
		9118206B1E635D7F000A25D8 /* PBXTargetDependency */ = {
			isa = PBXTargetDependency;
			target = 911820541E635D7F000A25D8 /* DeviceFarmTest */;
			targetProxy = 9118206A1E635D7F000A25D8 /* PBXContainerItemProxy */;
		};
		911820761E635D7F000A25D8 /* PBXTargetDependency */ = {
			isa = PBXTargetDependency;
			target = 911820541E635D7F000A25D8 /* DeviceFarmTest */;
			targetProxy = 911820751E635D7F000A25D8 /* PBXContainerItemProxy */;
		};
/* End PBXTargetDependency section */

/* Begin PBXVariantGroup section */
		9118205C1E635D7F000A25D8 /* Main.storyboard */ = {
			isa = PBXVariantGroup;
			children = (
				9118205D1E635D7F000A25D8 /* Base */,
			);
			name = Main.storyboard;
			sourceTree = "<group>";
		};
		911820611E635D7F000A25D8 /* LaunchScreen.storyboard */ = {
			isa = PBXVariantGroup;
			children = (
				911820621E635D7F000A25D8 /* Base */,
			);
			name = LaunchScreen.storyboard;
			sourceTree = "<group>";
		};
/* End PBXVariantGroup section */

/* Begin XCBuildConfiguration section */
		9118207B1E635D7F000A25D8 /* Debug */ = {
			isa = XCBuildConfiguration;
			buildSettings = {
				ALWAYS_SEARCH_USER_PATHS = NO;
				CLANG_ANALYZER_NONNULL = YES;
				CLANG_CXX_LANGUAGE_STANDARD = "gnu++0x";
				CLANG_CXX_LIBRARY = "libc++";
				CLANG_ENABLE_MODULES = YES;
				CLANG_ENABLE_OBJC_ARC = YES;
				CLANG_WARN_BOOL_CONVERSION = YES;
				CLANG_WARN_CONSTANT_CONVERSION = YES;
				CLANG_WARN_DIRECT_OBJC_ISA_USAGE = YES_ERROR;
				CLANG_WARN_DOCUMENTATION_COMMENTS = YES;
				CLANG_WARN_EMPTY_BODY = YES;
				CLANG_WARN_ENUM_CONVERSION = YES;
				CLANG_WARN_INFINITE_RECURSION = YES;
				CLANG_WARN_INT_CONVERSION = YES;
				CLANG_WARN_OBJC_ROOT_CLASS = YES_ERROR;
				CLANG_WARN_SUSPICIOUS_MOVE = YES;
				CLANG_WARN_UNREACHABLE_CODE = YES;
				CLANG_WARN__DUPLICATE_METHOD_MATCH = YES;
				"CODE_SIGN_IDENTITY[sdk=iphoneos*]" = "iPhone Developer";
				COPY_PHASE_STRIP = NO;
				DEBUG_INFORMATION_FORMAT = dwarf;
				ENABLE_STRICT_OBJC_MSGSEND = YES;
				ENABLE_TESTABILITY = YES;
				GCC_C_LANGUAGE_STANDARD = gnu99;
				GCC_DYNAMIC_NO_PIC = NO;
				GCC_NO_COMMON_BLOCKS = YES;
				GCC_OPTIMIZATION_LEVEL = 0;
				GCC_PREPROCESSOR_DEFINITIONS = (
					"DEBUG=1",
					"$(inherited)",
				);
				GCC_WARN_64_TO_32_BIT_CONVERSION = YES;
				GCC_WARN_ABOUT_RETURN_TYPE = YES_ERROR;
				GCC_WARN_UNDECLARED_SELECTOR = YES;
				GCC_WARN_UNINITIALIZED_AUTOS = YES_AGGRESSIVE;
				GCC_WARN_UNUSED_FUNCTION = YES;
				GCC_WARN_UNUSED_VARIABLE = YES;
				IPHONEOS_DEPLOYMENT_TARGET = 10.2;
				MTL_ENABLE_DEBUG_INFO = YES;
				ONLY_ACTIVE_ARCH = YES;
				SDKROOT = iphoneos;
				SWIFT_ACTIVE_COMPILATION_CONDITIONS = DEBUG;
				SWIFT_OPTIMIZATION_LEVEL = "-Onone";
			};
			name = Debug;
		};
		9118207C1E635D7F000A25D8 /* Release */ = {
			isa = XCBuildConfiguration;
			buildSettings = {
				ALWAYS_SEARCH_USER_PATHS = NO;
				CLANG_ANALYZER_NONNULL = YES;
				CLANG_CXX_LANGUAGE_STANDARD = "gnu++0x";
				CLANG_CXX_LIBRARY = "libc++";
				CLANG_ENABLE_MODULES = YES;
				CLANG_ENABLE_OBJC_ARC = YES;
				CLANG_WARN_BOOL_CONVERSION = YES;
				CLANG_WARN_CONSTANT_CONVERSION = YES;
				CLANG_WARN_DIRECT_OBJC_ISA_USAGE = YES_ERROR;
				CLANG_WARN_DOCUMENTATION_COMMENTS = YES;
				CLANG_WARN_EMPTY_BODY = YES;
				CLANG_WARN_ENUM_CONVERSION = YES;
				CLANG_WARN_INFINITE_RECURSION = YES;
				CLANG_WARN_INT_CONVERSION = YES;
				CLANG_WARN_OBJC_ROOT_CLASS = YES_ERROR;
				CLANG_WARN_SUSPICIOUS_MOVE = YES;
				CLANG_WARN_UNREACHABLE_CODE = YES;
				CLANG_WARN__DUPLICATE_METHOD_MATCH = YES;
				"CODE_SIGN_IDENTITY[sdk=iphoneos*]" = "iPhone Developer";
				COPY_PHASE_STRIP = NO;
				DEBUG_INFORMATION_FORMAT = "dwarf-with-dsym";
				ENABLE_NS_ASSERTIONS = NO;
				ENABLE_STRICT_OBJC_MSGSEND = YES;
				GCC_C_LANGUAGE_STANDARD = gnu99;
				GCC_NO_COMMON_BLOCKS = YES;
				GCC_WARN_64_TO_32_BIT_CONVERSION = YES;
				GCC_WARN_ABOUT_RETURN_TYPE = YES_ERROR;
				GCC_WARN_UNDECLARED_SELECTOR = YES;
				GCC_WARN_UNINITIALIZED_AUTOS = YES_AGGRESSIVE;
				GCC_WARN_UNUSED_FUNCTION = YES;
				GCC_WARN_UNUSED_VARIABLE = YES;
				IPHONEOS_DEPLOYMENT_TARGET = 10.2;
				MTL_ENABLE_DEBUG_INFO = NO;
				SDKROOT = iphoneos;
				SWIFT_OPTIMIZATION_LEVEL = "-Owholemodule";
				VALIDATE_PRODUCT = YES;
			};
			name = Release;
		};
		9118207E1E635D7F000A25D8 /* Debug */ = {
			isa = XCBuildConfiguration;
			buildSettings = {
				ASSETCATALOG_COMPILER_APPICON_NAME = AppIcon;
				DEVELOPMENT_TEAM = R53MV2MVHS;
				INFOPLIST_FILE = DeviceFarmTest/Info.plist;
				IPHONEOS_DEPLOYMENT_TARGET = 9.0;
				LD_RUNPATH_SEARCH_PATHS = "$(inherited) @executable_path/Frameworks";
				PRODUCT_BUNDLE_IDENTIFIER = com.asmtechnology.DeviceFarmTest;
				PRODUCT_NAME = "$(TARGET_NAME)";
				PROVISIONING_PROFILE = "eb93109b-a639-4134-b056-1e1cac168c45";
				PROVISIONING_PROFILE_SPECIFIER = "wildcard Dev profile";
				SWIFT_VERSION = 3.0;
			};
			name = Debug;
		};
		9118207F1E635D7F000A25D8 /* Release */ = {
			isa = XCBuildConfiguration;
			buildSettings = {
				ASSETCATALOG_COMPILER_APPICON_NAME = AppIcon;
				DEVELOPMENT_TEAM = R53MV2MVHS;
				INFOPLIST_FILE = DeviceFarmTest/Info.plist;
				IPHONEOS_DEPLOYMENT_TARGET = 9.0;
				LD_RUNPATH_SEARCH_PATHS = "$(inherited) @executable_path/Frameworks";
				PRODUCT_BUNDLE_IDENTIFIER = com.asmtechnology.DeviceFarmTest;
				PRODUCT_NAME = "$(TARGET_NAME)";
				PROVISIONING_PROFILE = "eb93109b-a639-4134-b056-1e1cac168c45";
				PROVISIONING_PROFILE_SPECIFIER = "wildcard Dev profile";
				SWIFT_VERSION = 3.0;
			};
			name = Release;
		};
		911820811E635D7F000A25D8 /* Debug */ = {
			isa = XCBuildConfiguration;
			buildSettings = {
				ALWAYS_EMBED_SWIFT_STANDARD_LIBRARIES = YES;
				BUNDLE_LOADER = "$(TEST_HOST)";
				INFOPLIST_FILE = DeviceFarmTestTests/Info.plist;
				LD_RUNPATH_SEARCH_PATHS = "$(inherited) @executable_path/Frameworks @loader_path/Frameworks";
				PRODUCT_BUNDLE_IDENTIFIER = com.asmtechnology.DeviceFarmTestTests;
				PRODUCT_NAME = "$(TARGET_NAME)";
				SWIFT_VERSION = 3.0;
				TEST_HOST = "$(BUILT_PRODUCTS_DIR)/DeviceFarmTest.app/DeviceFarmTest";
			};
			name = Debug;
		};
		911820821E635D7F000A25D8 /* Release */ = {
			isa = XCBuildConfiguration;
			buildSettings = {
				ALWAYS_EMBED_SWIFT_STANDARD_LIBRARIES = YES;
				BUNDLE_LOADER = "$(TEST_HOST)";
				INFOPLIST_FILE = DeviceFarmTestTests/Info.plist;
				LD_RUNPATH_SEARCH_PATHS = "$(inherited) @executable_path/Frameworks @loader_path/Frameworks";
				PRODUCT_BUNDLE_IDENTIFIER = com.asmtechnology.DeviceFarmTestTests;
				PRODUCT_NAME = "$(TARGET_NAME)";
				SWIFT_VERSION = 3.0;
				TEST_HOST = "$(BUILT_PRODUCTS_DIR)/DeviceFarmTest.app/DeviceFarmTest";
			};
			name = Release;
		};
		911820841E635D7F000A25D8 /* Debug */ = {
			isa = XCBuildConfiguration;
			buildSettings = {
				ALWAYS_EMBED_SWIFT_STANDARD_LIBRARIES = YES;
				INFOPLIST_FILE = DeviceFarmTestUITests/Info.plist;
				LD_RUNPATH_SEARCH_PATHS = "$(inherited) @executable_path/Frameworks @loader_path/Frameworks";
				PRODUCT_BUNDLE_IDENTIFIER = com.asmtechnology.DeviceFarmTestUITests;
				PRODUCT_NAME = "$(TARGET_NAME)";
				SWIFT_VERSION = 3.0;
				TEST_TARGET_NAME = DeviceFarmTest;
			};
			name = Debug;
		};
		911820851E635D7F000A25D8 /* Release */ = {
			isa = XCBuildConfiguration;
			buildSettings = {
				ALWAYS_EMBED_SWIFT_STANDARD_LIBRARIES = YES;
				INFOPLIST_FILE = DeviceFarmTestUITests/Info.plist;
				LD_RUNPATH_SEARCH_PATHS = "$(inherited) @executable_path/Frameworks @loader_path/Frameworks";
				PRODUCT_BUNDLE_IDENTIFIER = com.asmtechnology.DeviceFarmTestUITests;
				PRODUCT_NAME = "$(TARGET_NAME)";
				SWIFT_VERSION = 3.0;
				TEST_TARGET_NAME = DeviceFarmTest;
			};
			name = Release;
		};
/* End XCBuildConfiguration section */

/* Begin XCConfigurationList section */
		911820501E635D7F000A25D8 /* Build configuration list for PBXProject "DeviceFarmTest" */ = {
			isa = XCConfigurationList;
			buildConfigurations = (
				9118207B1E635D7F000A25D8 /* Debug */,
				9118207C1E635D7F000A25D8 /* Release */,
			);
			defaultConfigurationIsVisible = 0;
			defaultConfigurationName = Release;
		};
		9118207D1E635D7F000A25D8 /* Build configuration list for PBXNativeTarget "DeviceFarmTest" */ = {
			isa = XCConfigurationList;
			buildConfigurations = (
				9118207E1E635D7F000A25D8 /* Debug */,
				9118207F1E635D7F000A25D8 /* Release */,
			);
			defaultConfigurationIsVisible = 0;
		};
		911820801E635D7F000A25D8 /* Build configuration list for PBXNativeTarget "DeviceFarmTestTests" */ = {
			isa = XCConfigurationList;
			buildConfigurations = (
				911820811E635D7F000A25D8 /* Debug */,
				911820821E635D7F000A25D8 /* Release */,
			);
			defaultConfigurationIsVisible = 0;
		};
		911820831E635D7F000A25D8 /* Build configuration list for PBXNativeTarget "DeviceFarmTestUITests" */ = {
			isa = XCConfigurationList;
			buildConfigurations = (
				911820841E635D7F000A25D8 /* Debug */,
				911820851E635D7F000A25D8 /* Release */,
			);
			defaultConfigurationIsVisible = 0;
		};
/* End XCConfigurationList section */
	};
	rootObject = 9118204D1E635D7F000A25D8 /* Project object */;
}
